{
    "_readme": [
        "This file locks the dependencies of your project to a known state",
        "Read more about it at https://getcomposer.org/doc/01-basic-usage.md#installing-dependencies",
        "This file is @generated automatically"
    ],
    "content-hash": "268fe7b26b476e863dfc443c274d2e09",
    "packages": [
        {
            "name": "chicohernando/pivotal-tracker-api",
            "version": "1.2.4",
            "source": {
                "type": "git",
                "url": "https://github.com/chicohernando/pivotal-tracker-api.git",
                "reference": "3d95f5e52bc970aa928d66e20ae058ed2d68225b"
            },
            "dist": {
                "type": "zip",
                "url": "https://api.github.com/repos/chicohernando/pivotal-tracker-api/zipball/3d95f5e52bc970aa928d66e20ae058ed2d68225b",
                "reference": "3d95f5e52bc970aa928d66e20ae058ed2d68225b",
                "shasum": ""
            },
            "require": {
                "php": ">=5.3.0"
            },
            "type": "library",
            "autoload": {
                "psr-0": {
                    "PivotalTrackerV5": "src/main/php/"
                }
            },
            "notification-url": "https://packagist.org/downloads/",
            "license": [
                "MIT"
            ],
            "authors": [
                {
                    "name": "Eric Sanders (chicohernando)",
                    "email": "easander@easander.com",
                    "homepage": "http://easander.com/"
                },
                {
                    "name": "Antonio Cortés (DrZippie)",
                    "email": "antonio@antoniocortes.com",
                    "homepage": "http://www.antoniocortes.com/"
                },
                {
                    "name": "Manuel Pichler",
                    "email": "mapi@manuel-pichler.de",
                    "homepage": "http://manuel-pichler.de/"
                }
            ],
            "description": "Library that provides a PHP interface to interact with the PivotalTracker API V5",
            "homepage": "https://github.com/chicohernando/pivotal-tracker-api",
            "keywords": [
                "api",
                "pivotaltracker",
                "v5"
            ],
            "time": "2020-01-10T22:00:45+00:00"
        }
    ],
    "packages-dev": [],
    "aliases": [],
    "minimum-stability": "stable",
    "stability-flags": [],
    "prefer-stable": false,
    "prefer-lowest": false,
    "platform": [],
    "platform-dev": []
}
